
Microsoft Visual Studio Solution File, Format Version 12.00
# Visual Studio 15
VisualStudioVersion = 15.0.28010.2048
MinimumVisualStudioVersion = 10.0.40219.1
Project("{8BC9CEB8-8B4A-11D0-8D11-00A0C91BC942}") = "cursorpositiontst", "cursorpositiontst\cursorpositiontst.vcxproj", "{33861A39-E15E-48E3-B151-B5AA750CF3B3}"
EndProject
Global
	GlobalSection(SolutionConfigurationPlatforms) = preSolution
		Debug|x64 = Debug|x64
		Debug|x86 = Debug|x86
		Release|x64 = Release|x64
		Release|x86 = Release|x86
	EndGlobalSection
	GlobalSection(ProjectConfigurationPlatforms) = postSolution
		{33861A39-E15E-48E3-B151-B5AA750CF3B3}.Debug|x64.ActiveCfg = Debug|x64
		{33861A39-E15E-48E3-B151-B5AA750CF3B3}.Debug|x64.Build.0 = Debug|x64
		{33861A39-E15E-48E3-B151-B5AA750CF3B3}.Debug|x86.ActiveCfg = Debug|Win32
		{33861A39-E15E-48E3-B151-B5AA750CF3B3}.Debug|x86.Build.0 = Debug|Win32
		{33861A39-E15E-48E3-B151-B5AA750CF3B3}.Release|x64.ActiveCfg = Release|x64
		{33861A39-E15E-48E3-B151-B5AA750CF3B3}.Release|x64.Build.0 = Release|x64
		{33861A39-E15E-48E3-B151-B5AA750CF3B3}.Release|x86.ActiveCfg = Release|Win32
		{33861A39-E15E-48E3-B151-B5AA750CF3B3}.Release|x86.Build.0 = Release|Win32
	EndGlobalSection
	GlobalSection(SolutionProperties) = preSolution
		HideSolutionNode = FALSE
	EndGlobalSection
	GlobalSection(ExtensibilityGlobals) = postSolution
		SolutionGuid = {E8EFEA7C-E0DC-431B-AD1F-DDEFE5BAA0C8}
	EndGlobalSection
EndGlobal
